# THIS IS AN AUTOGENERATED FILE. DO NOT EDIT THIS FILE DIRECTLY.
# yarn lockfile v1


"@types/lodash.debounce@^4.0.9":
  version "4.0.9"
  resolved "https://registry.yarnpkg.com/@types/lodash.debounce/-/lodash.debounce-4.0.9.tgz#0f5f21c507bce7521b5e30e7a24440975ac860a5"
  integrity sha512-Ma5JcgTREwpLRwMM+XwBR7DaWe96nC38uCBDFKZWbNKD+osjVzdpnUSwBcqCptrp16sSOLBAUb50Car5I0TCsQ==
  dependencies:
    "@types/lodash" "*"

"@types/lodash@*", "@types/lodash@^4.17.14":
  version "4.17.14"
  resolved "https://registry.yarnpkg.com/@types/lodash/-/lodash-4.17.14.tgz#bafc053533f4cdc5fcc9635af46a963c1f3deaff"
  integrity sha512-jsxagdikDiDBeIRaPYtArcT8my4tN1og7MtMRquFT3XNA6axxyHDRUemqDz/taRDdOUn0GnGHRCuff4q48sW9A==

"@types/telegram-web-app@^7.10.1":
  version "7.10.1"
  resolved "https://registry.yarnpkg.com/@types/telegram-web-app/-/telegram-web-app-7.10.1.tgz#7e5730328d1b96adf239504a60727549343f8d25"
  integrity sha512-GKL659G6lnHRAt3Dt7L1Fa0dwvc+ZZQtJcYrJVJGwjvsbi/Rcp1qKs9pFwb34/KC04+J+TlQj4D7yKo10sBSEw==

add@^2.0.6:
  version "2.0.6"
  resolved "https://registry.yarnpkg.com/add/-/add-2.0.6.tgz#248f0a9f6e5a528ef2295dbeec30532130ae2235"
  integrity sha512-j5QzrmsokwWWp6kUcJQySpbG+xfOBqqKnup3OIk1pz+kB/80SLorZ9V8zHFLO92Lcd+hbvq8bT+zOGoPkmBV0Q==

yarn@^1.22.22:
  version "1.22.22"
  resolved "https://registry.yarnpkg.com/yarn/-/yarn-1.22.22.tgz#ac34549e6aa8e7ead463a7407e1c7390f61a6610"
  integrity sha512-prL3kGtyG7o9Z9Sv8IPfBNrWTDmXB4Qbes8A9rEzt6wkJV8mUvoirjU0Mp3GGAU06Y0XQyA3/2/RQFVuK7MTfg==
